// !$*UTF8*$!
{
	archiveVersion = 1;
	classes = {
	};
	objectVersion = 46;
	objects = {

/* Begin PBXBuildFile section */
		E0E4F4AA159857060007F803 /* Cocoa.framework in Frameworks */ = {isa = PBXBuildFile; fileRef = E0E4F4A9159857060007F803 /* Cocoa.framework */; };
		E0E4F4B4159857060007F803 /* InfoPlist.strings in Resources */ = {isa = PBXBuildFile; fileRef = E0E4F4B2159857060007F803 /* InfoPlist.strings */; };
		E0E4F4B6159857060007F803 /* main.m in Sources */ = {isa = PBXBuildFile; fileRef = E0E4F4B5159857060007F803 /* main.m */; };
		E0E4F4BA159857060007F803 /* Credits.rtf in Resources */ = {isa = PBXBuildFile; fileRef = E0E4F4B8159857060007F803 /* Credits.rtf */; };
		E0E4F4BD159857060007F803 /* XLDocument.m in Sources */ = {isa = PBXBuildFile; fileRef = E0E4F4BC159857060007F803 /* XLDocument.m */; };
		E0E4F4C0159857060007F803 /* XLDocument.xib in Resources */ = {isa = PBXBuildFile; fileRef = E0E4F4BE159857060007F803 /* XLDocument.xib */; };
		E0E4F4C3159857060007F803 /* MainMenu.xib in Resources */ = {isa = PBXBuildFile; fileRef = E0E4F4C1159857060007F803 /* MainMenu.xib */; };
/* End PBXBuildFile section */

/* Begin PBXFileReference section */
		E0E4F4A5159857060007F803 /* HTTPTest.app */ = {isa = PBXFileReference; explicitFileType = wrapper.application; includeInIndex = 0; path = HTTPTest.app; sourceTree = BUILT_PRODUCTS_DIR; };
		E0E4F4A9159857060007F803 /* Cocoa.framework */ = {isa = PBXFileReference; lastKnownFileType = wrapper.framework; name = Cocoa.framework; path = System/Library/Frameworks/Cocoa.framework; sourceTree = SDKROOT; };
		E0E4F4AC159857060007F803 /* AppKit.framework */ = {isa = PBXFileReference; lastKnownFileType = wrapper.framework; name = AppKit.framework; path = System/Library/Frameworks/AppKit.framework; sourceTree = SDKROOT; };
		E0E4F4AD159857060007F803 /* CoreData.framework */ = {isa = PBXFileReference; lastKnownFileType = wrapper.framework; name = CoreData.framework; path = System/Library/Frameworks/CoreData.framework; sourceTree = SDKROOT; };
		E0E4F4AE159857060007F803 /* Foundation.framework */ = {isa = PBXFileReference; lastKnownFileType = wrapper.framework; name = Foundation.framework; path = System/Library/Frameworks/Foundation.framework; sourceTree = SDKROOT; };
		E0E4F4B1159857060007F803 /* HTTPTest-Info.plist */ = {isa = PBXFileReference; lastKnownFileType = text.plist.xml; path = "HTTPTest-Info.plist"; sourceTree = "<group>"; };
		E0E4F4B3159857060007F803 /* en */ = {isa = PBXFileReference; lastKnownFileType = text.plist.strings; name = en; path = en.lproj/InfoPlist.strings; sourceTree = "<group>"; };
		E0E4F4B5159857060007F803 /* main.m */ = {isa = PBXFileReference; lastKnownFileType = sourcecode.c.objc; path = main.m; sourceTree = "<group>"; };
		E0E4F4B7159857060007F803 /* HTTPTest-Prefix.pch */ = {isa = PBXFileReference; lastKnownFileType = sourcecode.c.h; path = "HTTPTest-Prefix.pch"; sourceTree = "<group>"; };
		E0E4F4B9159857060007F803 /* en */ = {isa = PBXFileReference; lastKnownFileType = text.rtf; name = en; path = en.lproj/Credits.rtf; sourceTree = "<group>"; };
		E0E4F4BB159857060007F803 /* XLDocument.h */ = {isa = PBXFileReference; lastKnownFileType = sourcecode.c.h; path = XLDocument.h; sourceTree = "<group>"; };
		E0E4F4BC159857060007F803 /* XLDocument.m */ = {isa = PBXFileReference; lastKnownFileType = sourcecode.c.objc; path = XLDocument.m; sourceTree = "<group>"; };
		E0E4F4BF159857060007F803 /* en */ = {isa = PBXFileReference; lastKnownFileType = file.xib; name = en; path = en.lproj/XLDocument.xib; sourceTree = "<group>"; };
		E0E4F4C2159857060007F803 /* en */ = {isa = PBXFileReference; lastKnownFileType = file.xib; name = en; path = en.lproj/MainMenu.xib; sourceTree = "<group>"; };
/* End PBXFileReference section */

/* Begin PBXFrameworksBuildPhase section */
		E0E4F4A2159857060007F803 /* Frameworks */ = {
			isa = PBXFrameworksBuildPhase;
			buildActionMask = 2147483647;
			files = (
				E0E4F4AA159857060007F803 /* Cocoa.framework in Frameworks */,
			);
			runOnlyForDeploymentPostprocessing = 0;
		};
/* End PBXFrameworksBuildPhase section */

/* Begin PBXGroup section */
		E0E4F49A159857050007F803 = {
			isa = PBXGroup;
			children = (
				E0E4F4AF159857060007F803 /* HTTPTest */,
				E0E4F4A8159857060007F803 /* Frameworks */,
				E0E4F4A6159857060007F803 /* Products */,
			);
			sourceTree = "<group>";
		};
		E0E4F4A6159857060007F803 /* Products */ = {
			isa = PBXGroup;
			children = (
				E0E4F4A5159857060007F803 /* HTTPTest.app */,
			);
			name = Products;
			sourceTree = "<group>";
		};
		E0E4F4A8159857060007F803 /* Frameworks */ = {
			isa = PBXGroup;
			children = (
				E0E4F4A9159857060007F803 /* Cocoa.framework */,
				E0E4F4AB159857060007F803 /* Other Frameworks */,
			);
			name = Frameworks;
			sourceTree = "<group>";
		};
		E0E4F4AB159857060007F803 /* Other Frameworks */ = {
			isa = PBXGroup;
			children = (
				E0E4F4AC159857060007F803 /* AppKit.framework */,
				E0E4F4AD159857060007F803 /* CoreData.framework */,
				E0E4F4AE159857060007F803 /* Foundation.framework */,
			);
			name = "Other Frameworks";
			sourceTree = "<group>";
		};
		E0E4F4AF159857060007F803 /* HTTPTest */ = {
			isa = PBXGroup;
			children = (
				E0E4F4BB159857060007F803 /* XLDocument.h */,
				E0E4F4BC159857060007F803 /* XLDocument.m */,
				E0E4F4BE159857060007F803 /* XLDocument.xib */,
				E0E4F4C1159857060007F803 /* MainMenu.xib */,
				E0E4F4B0159857060007F803 /* Supporting Files */,
			);
			path = HTTPTest;
			sourceTree = "<group>";
		};
		E0E4F4B0159857060007F803 /* Supporting Files */ = {
			isa = PBXGroup;
			children = (
				E0E4F4B1159857060007F803 /* HTTPTest-Info.plist */,
				E0E4F4B2159857060007F803 /* InfoPlist.strings */,
				E0E4F4B5159857060007F803 /* main.m */,
				E0E4F4B7159857060007F803 /* HTTPTest-Prefix.pch */,
				E0E4F4B8159857060007F803 /* Credits.rtf */,
			);
			name = "Supporting Files";
			sourceTree = "<group>";
		};
/* End PBXGroup section */

/* Begin PBXNativeTarget section */
		E0E4F4A4159857060007F803 /* HTTPTest */ = {
			isa = PBXNativeTarget;
			buildConfigurationList = E0E4F4C6159857060007F803 /* Build configuration list for PBXNativeTarget "HTTPTest" */;
			buildPhases = (
				E0E4F4A1159857060007F803 /* Sources */,
				E0E4F4A2159857060007F803 /* Frameworks */,
				E0E4F4A3159857060007F803 /* Resources */,
			);
			buildRules = (
			);
			dependencies = (
			);
			name = HTTPTest;
			productName = HTTPTest;
			productReference = E0E4F4A5159857060007F803 /* HTTPTest.app */;
			productType = "com.apple.product-type.application";
		};
/* End PBXNativeTarget section */

/* Begin PBXProject section */
		E0E4F49C159857060007F803 /* Project object */ = {
			isa = PBXProject;
			attributes = {
				CLASSPREFIX = XL;
				LastUpgradeCheck = 0430;
				ORGANIZATIONNAME = pretang;
			};
			buildConfigurationList = E0E4F49F159857060007F803 /* Build configuration list for PBXProject "HTTPTest" */;
			compatibilityVersion = "Xcode 3.2";
			developmentRegion = English;
			hasScannedForEncodings = 0;
			knownRegions = (
				en,
			);
			mainGroup = E0E4F49A159857050007F803;
			productRefGroup = E0E4F4A6159857060007F803 /* Products */;
			projectDirPath = "";
			projectRoot = "";
			targets = (
				E0E4F4A4159857060007F803 /* HTTPTest */,
			);
		};
/* End PBXProject section */

/* Begin PBXResourcesBuildPhase section */
		E0E4F4A3159857060007F803 /* Resources */ = {
			isa = PBXResourcesBuildPhase;
			buildActionMask = 2147483647;
			files = (
				E0E4F4B4159857060007F803 /* InfoPlist.strings in Resources */,
				E0E4F4BA159857060007F803 /* Credits.rtf in Resources */,
				E0E4F4C0159857060007F803 /* XLDocument.xib in Resources */,
				E0E4F4C3159857060007F803 /* MainMenu.xib in Resources */,
			);
			runOnlyForDeploymentPostprocessing = 0;
		};
/* End PBXResourcesBuildPhase section */

/* Begin PBXSourcesBuildPhase section */
		E0E4F4A1159857060007F803 /* Sources */ = {
			isa = PBXSourcesBuildPhase;
			buildActionMask = 2147483647;
			files = (
				E0E4F4B6159857060007F803 /* main.m in Sources */,
				E0E4F4BD159857060007F803 /* XLDocument.m in Sources */,
			);
			runOnlyForDeploymentPostprocessing = 0;
		};
/* End PBXSourcesBuildPhase section */

/* Begin PBXVariantGroup section */
		E0E4F4B2159857060007F803 /* InfoPlist.strings */ = {
			isa = PBXVariantGroup;
			children = (
				E0E4F4B3159857060007F803 /* en */,
			);
			name = InfoPlist.strings;
			sourceTree = "<group>";
		};
		E0E4F4B8159857060007F803 /* Credits.rtf */ = {
			isa = PBXVariantGroup;
			children = (
				E0E4F4B9159857060007F803 /* en */,
			);
			name = Credits.rtf;
			sourceTree = "<group>";
		};
		E0E4F4BE159857060007F803 /* XLDocument.xib */ = {
			isa = PBXVariantGroup;
			children = (
				E0E4F4BF159857060007F803 /* en */,
			);
			name = XLDocument.xib;
			sourceTree = "<group>";
		};
		E0E4F4C1159857060007F803 /* MainMenu.xib */ = {
			isa = PBXVariantGroup;
			children = (
				E0E4F4C2159857060007F803 /* en */,
			);
			name = MainMenu.xib;
			sourceTree = "<group>";
		};
/* End PBXVariantGroup section */

/* Begin XCBuildConfiguration section */
		E0E4F4C4159857060007F803 /* Debug */ = {
			isa = XCBuildConfiguration;
			buildSettings = {
				ALWAYS_SEARCH_USER_PATHS = NO;
				ARCHS = "$(ARCHS_STANDARD_64_BIT)";
				COPY_PHASE_STRIP = NO;
				GCC_C_LANGUAGE_STANDARD = gnu99;
				GCC_DYNAMIC_NO_PIC = NO;
				GCC_ENABLE_OBJC_EXCEPTIONS = YES;
				GCC_OPTIMIZATION_LEVEL = 0;
				GCC_PREPROCESSOR_DEFINITIONS = (
					"DEBUG=1",
					"$(inherited)",
				);
				GCC_SYMBOLS_PRIVATE_EXTERN = NO;
				GCC_VERSION = com.apple.compilers.llvm.clang.1_0;
				GCC_WARN_64_TO_32_BIT_CONVERSION = YES;
				GCC_WARN_ABOUT_RETURN_TYPE = YES;
				GCC_WARN_UNINITIALIZED_AUTOS = YES;
				GCC_WARN_UNUSED_VARIABLE = YES;
				MACOSX_DEPLOYMENT_TARGET = 10.7;
				ONLY_ACTIVE_ARCH = YES;
				SDKROOT = macosx;
			};
			name = Debug;
		};
		E0E4F4C5159857060007F803 /* Release */ = {
			isa = XCBuildConfiguration;
			buildSettings = {
				ALWAYS_SEARCH_USER_PATHS = NO;
				ARCHS = "$(ARCHS_STANDARD_64_BIT)";
				COPY_PHASE_STRIP = YES;
				DEBUG_INFORMATION_FORMAT = "dwarf-with-dsym";
				GCC_C_LANGUAGE_STANDARD = gnu99;
				GCC_ENABLE_OBJC_EXCEPTIONS = YES;
				GCC_VERSION = com.apple.compilers.llvm.clang.1_0;
				GCC_WARN_64_TO_32_BIT_CONVERSION = YES;
				GCC_WARN_ABOUT_RETURN_TYPE = YES;
				GCC_WARN_UNINITIALIZED_AUTOS = YES;
				GCC_WARN_UNUSED_VARIABLE = YES;
				MACOSX_DEPLOYMENT_TARGET = 10.7;
				SDKROOT = macosx;
			};
			name = Release;
		};
		E0E4F4C7159857060007F803 /* Debug */ = {
			isa = XCBuildConfiguration;
			buildSettings = {
				GCC_PRECOMPILE_PREFIX_HEADER = YES;
				GCC_PREFIX_HEADER = "HTTPTest/HTTPTest-Prefix.pch";
				INFOPLIST_FILE = "HTTPTest/HTTPTest-Info.plist";
				PRODUCT_NAME = "$(TARGET_NAME)";
				WRAPPER_EXTENSION = app;
			};
			name = Debug;
		};
		E0E4F4C8159857060007F803 /* Release */ = {
			isa = XCBuildConfiguration;
			buildSettings = {
				GCC_PRECOMPILE_PREFIX_HEADER = YES;
				GCC_PREFIX_HEADER = "HTTPTest/HTTPTest-Prefix.pch";
				INFOPLIST_FILE = "HTTPTest/HTTPTest-Info.plist";
				PRODUCT_NAME = "$(TARGET_NAME)";
				WRAPPER_EXTENSION = app;
			};
			name = Release;
		};
/* End XCBuildConfiguration section */

/* Begin XCConfigurationList section */
		E0E4F49F159857060007F803 /* Build configuration list for PBXProject "HTTPTest" */ = {
			isa = XCConfigurationList;
			buildConfigurations = (
				E0E4F4C4159857060007F803 /* Debug */,
				E0E4F4C5159857060007F803 /* Release */,
			);
			defaultConfigurationIsVisible = 0;
			defaultConfigurationName = Release;
		};
		E0E4F4C6159857060007F803 /* Build configuration list for PBXNativeTarget "HTTPTest" */ = {
			isa = XCConfigurationList;
			buildConfigurations = (
				E0E4F4C7159857060007F803 /* Debug */,
				E0E4F4C8159857060007F803 /* Release */,
			);
			defaultConfigurationIsVisible = 0;
		};
/* End XCConfigurationList section */
	};
	rootObject = E0E4F49C159857060007F803 /* Project object */;
}
